Microsoft Visual Studio Solution File, Format Version 12.00
# Visual Studio Version 17
VisualStudioVersion = 17.5.2.0
MinimumVisualStudioVersion = 10.0.40219.1
Project("{FAE04EC0-301F-11D3-BF4B-00C04F79EFBC}") = "Trackland.API", "Trackland.API.csproj", "{C7ED3C12-AB7D-27DD-18E8-31DBE6C3012B}"
EndProject
Global
	GlobalSection(SolutionConfigurationPlatforms) = preSolution
		Debug|Any CPU = Debug|Any CPU
		Release|Any CPU = Release|Any CPU
	EndGlobalSection
	GlobalSection(ProjectConfigurationPlatforms) = postSolution
		{C7ED3C12-AB7D-27DD-18E8-31DBE6C3012B}.Debug|Any CPU.ActiveCfg = Debug|Any CPU
		{C7ED3C12-AB7D-27DD-18E8-31DBE6C3012B}.Debug|Any CPU.Build.0 = Debug|Any CPU
		{C7ED3C12-AB7D-27DD-18E8-31DBE6C3012B}.Release|Any CPU.ActiveCfg = Release|Any CPU
		{C7ED3C12-AB7D-27DD-18E8-31DBE6C3012B}.Release|Any CPU.Build.0 = Release|Any CPU
	EndGlobalSection
	GlobalSection(SolutionProperties) = preSolution
		HideSolutionNode = FALSE
	EndGlobalSection
	GlobalSection(ExtensibilityGlobals) = postSolution
		SolutionGuid = {868AB73F-31CB-4C8D-9FDF-71312C0EE1B3}
	EndGlobalSection
EndGlobal
